# This file is @generated by PDM.
# It is not intended for manual editing.

[metadata]
groups = ["default"]
strategy = ["inherit_metadata"]
lock_version = "4.5.0"
content_hash = "sha256:ea10b8d86d6b3e1901f5faa87f81181a480cbc6958b6c2218b98dc670dc43c4f"

[[metadata.targets]]
requires_python = ">=3.9"

[[package]]
name = "load"
version = "0.1.0"
requires_python = ">=3.9"
git = "https://github.com/play-gogo/Load.git"
ref = "ice"
revision = "405abd6e858907e12dedbba8401b0abd967abf45"
summary = "Default template for PDM package"
groups = ["default"]
dependencies = [
    "transform @ git+https://github.com/play-gogo/transform.git@sunwoo/d1.0.0",
]

[[package]]
name = "transform"
version = "0.2.0"
requires_python = ">=3.9"
git = "https://github.com/play-gogo/transform.git"
ref = "sunwoo/d1.0.0"
revision = "83ff000d312df243ebaf39e755cbfeba9db83776"
summary = "Default template for PDM package"
groups = ["default"]
